
Microsoft Visual Studio Solution File, Format Version 12.00
# Visual Studio Version 17
VisualStudioVersion = 17.4.33213.308
MinimumVisualStudioVersion = 10.0.40219.1
Project("{2150E333-8FDC-42A3-9474-1A3956D46DE8}") = "02-ComplexTypeExample", "02-ComplexTypeExample", "{F8306E81-60E5-4FEF-9144-2438427937E6}"
EndProject
Project("{9A19103F-16F7-4668-BE54-9A1E7A4F7556}") = "Publisher", "Publisher\Publisher.csproj", "{3A7779A8-D240-4E40-8282-E5F7C31A3FD9}"
EndProject
Project("{9A19103F-16F7-4668-BE54-9A1E7A4F7556}") = "Shared", "Shared\Shared.csproj", "{93AE2C08-2F35-4907-99B0-15E67C02C958}"
EndProject
Project("{9A19103F-16F7-4668-BE54-9A1E7A4F7556}") = "UdemyRabbitMQ.DirectExchangePublisher", "UdemyRabbitMQ.DirectExchangePublisher\UdemyRabbitMQ.DirectExchangePublisher.csproj", "{52F3B48C-4E22-43C0-B9B8-900A61BB164D}"
EndProject
Project("{9A19103F-16F7-4668-BE54-9A1E7A4F7556}") = "UdemyRabbitMQ.DirectExchangeSubscriber", "UdemyRabbitMQ.DirectExchangeSubscriber\UdemyRabbitMQ.DirectExchangeSubscriber.csproj", "{5249B159-7E12-483D-8906-84EEB5BDA085}"
EndProject
Project("{9A19103F-16F7-4668-BE54-9A1E7A4F7556}") = "UdemyRabbitMQ.HeaderExchangePublisher", "UdemyRabbitMQ.HeaderExchangePublisher\UdemyRabbitMQ.HeaderExchangePublisher.csproj", "{2B55C5FF-BE39-4A1A-AA85-E13988468F37}"
EndProject
Project("{9A19103F-16F7-4668-BE54-9A1E7A4F7556}") = "UdemyRabbitMQ.HeaderExchangeSubscriber", "UdemyRabbitMQ.HeaderExchangeSubscriber\UdemyRabbitMQ.HeaderExchangeSubscriber.csproj", "{122CD66F-63FE-4A01-AC36-C32E8F5B564C}"
EndProject
Project("{9A19103F-16F7-4668-BE54-9A1E7A4F7556}") = "UdemyRabbitMQ.publisher", "UdemyRabbitMQ.publisher\UdemyRabbitMQ.publisher.csproj", "{67FEF10D-BD07-4F6D-BA67-2556F07C6CA1}"
EndProject
Project("{9A19103F-16F7-4668-BE54-9A1E7A4F7556}") = "UdemyRabbitMQ.subscriber", "UdemyRabbitMQ.subscriber\UdemyRabbitMQ.subscriber.csproj", "{BE89F2CD-8214-41E6-8BFA-C6C61F785303}"
EndProject
Project("{9A19103F-16F7-4668-BE54-9A1E7A4F7556}") = "UdemyRabbitMQ.TopicExchangePublisher", "UdemyRabbitMQ.TopicExchangePublisher\UdemyRabbitMQ.TopicExchangePublisher.csproj", "{65797574-9CF6-401A-86F7-5BD6B514E2D5}"
EndProject
Project("{9A19103F-16F7-4668-BE54-9A1E7A4F7556}") = "UdemyRabbitMQ.TopicExchangeSubscriber", "UdemyRabbitMQ.TopicExchangeSubscriber\UdemyRabbitMQ.TopicExchangeSubscriber.csproj", "{67539A0A-E5A7-400A-9BFE-A81A2EDC2BCB}"
EndProject
Project("{9A19103F-16F7-4668-BE54-9A1E7A4F7556}") = "Subscriber", "Subscriber\Subscriber.csproj", "{F4C7EB26-DBFA-4867-B0C4-0172463956F3}"
EndProject
Project("{2150E333-8FDC-42A3-9474-1A3956D46DE8}") = "01-ExchangeTypes", "01-ExchangeTypes", "{285E9B6A-CABA-46F3-9A96-FD19A21C1474}"
EndProject
Project("{2150E333-8FDC-42A3-9474-1A3956D46DE8}") = "03-WatermarkExample", "03-WatermarkExample", "{F031E65D-BFC6-4D73-9A21-F6C7B633F016}"
EndProject
Project("{9A19103F-16F7-4668-BE54-9A1E7A4F7556}") = "UdemyRabbitMQWeb.Watermark", "UdemyRabbitMQWeb.Watermark\UdemyRabbitMQWeb.Watermark.csproj", "{36E6209E-E592-45EB-BA9A-258843C8CBA3}"
EndProject
Project("{2150E333-8FDC-42A3-9474-1A3956D46DE8}") = "04-ExcelCreateExample", "04-ExcelCreateExample", "{891BEF92-46E3-450B-9263-14815E9E2CC3}"
EndProject
Project("{FAE04EC0-301F-11D3-BF4B-00C04F79EFBC}") = "UdemyRabbitMQWeb.ExcelCreate", "UdemyRabbitMQWeb.ExcelCreate\UdemyRabbitMQWeb.ExcelCreate.csproj", "{F03DE6CD-5535-4F25-8672-F4899245DA6C}"
EndProject
Global
	GlobalSection(SolutionConfigurationPlatforms) = preSolution
		Debug|Any CPU = Debug|Any CPU
		Release|Any CPU = Release|Any CPU
	EndGlobalSection
	GlobalSection(ProjectConfigurationPlatforms) = postSolution
		{3A7779A8-D240-4E40-8282-E5F7C31A3FD9}.Debug|Any CPU.ActiveCfg = Debug|Any CPU
		{3A7779A8-D240-4E40-8282-E5F7C31A3FD9}.Debug|Any CPU.Build.0 = Debug|Any CPU
		{3A7779A8-D240-4E40-8282-E5F7C31A3FD9}.Release|Any CPU.ActiveCfg = Release|Any CPU
		{3A7779A8-D240-4E40-8282-E5F7C31A3FD9}.Release|Any CPU.Build.0 = Release|Any CPU
		{93AE2C08-2F35-4907-99B0-15E67C02C958}.Debug|Any CPU.ActiveCfg = Debug|Any CPU
		{93AE2C08-2F35-4907-99B0-15E67C02C958}.Debug|Any CPU.Build.0 = Debug|Any CPU
		{93AE2C08-2F35-4907-99B0-15E67C02C958}.Release|Any CPU.ActiveCfg = Release|Any CPU
		{93AE2C08-2F35-4907-99B0-15E67C02C958}.Release|Any CPU.Build.0 = Release|Any CPU
		{52F3B48C-4E22-43C0-B9B8-900A61BB164D}.Debug|Any CPU.ActiveCfg = Debug|Any CPU
		{52F3B48C-4E22-43C0-B9B8-900A61BB164D}.Debug|Any CPU.Build.0 = Debug|Any CPU
		{52F3B48C-4E22-43C0-B9B8-900A61BB164D}.Release|Any CPU.ActiveCfg = Release|Any CPU
		{52F3B48C-4E22-43C0-B9B8-900A61BB164D}.Release|Any CPU.Build.0 = Release|Any CPU
		{5249B159-7E12-483D-8906-84EEB5BDA085}.Debug|Any CPU.ActiveCfg = Debug|Any CPU
		{5249B159-7E12-483D-8906-84EEB5BDA085}.Debug|Any CPU.Build.0 = Debug|Any CPU
		{5249B159-7E12-483D-8906-84EEB5BDA085}.Release|Any CPU.ActiveCfg = Release|Any CPU
		{5249B159-7E12-483D-8906-84EEB5BDA085}.Release|Any CPU.Build.0 = Release|Any CPU
		{2B55C5FF-BE39-4A1A-AA85-E13988468F37}.Debug|Any CPU.ActiveCfg = Debug|Any CPU
		{2B55C5FF-BE39-4A1A-AA85-E13988468F37}.Debug|Any CPU.Build.0 = Debug|Any CPU
		{2B55C5FF-BE39-4A1A-AA85-E13988468F37}.Release|Any CPU.ActiveCfg = Release|Any CPU
		{2B55C5FF-BE39-4A1A-AA85-E13988468F37}.Release|Any CPU.Build.0 = Release|Any CPU
		{122CD66F-63FE-4A01-AC36-C32E8F5B564C}.Debug|Any CPU.ActiveCfg = Debug|Any CPU
		{122CD66F-63FE-4A01-AC36-C32E8F5B564C}.Debug|Any CPU.Build.0 = Debug|Any CPU
		{122CD66F-63FE-4A01-AC36-C32E8F5B564C}.Release|Any CPU.ActiveCfg = Release|Any CPU
		{122CD66F-63FE-4A01-AC36-C32E8F5B564C}.Release|Any CPU.Build.0 = Release|Any CPU
		{67FEF10D-BD07-4F6D-BA67-2556F07C6CA1}.Debug|Any CPU.ActiveCfg = Debug|Any CPU
		{67FEF10D-BD07-4F6D-BA67-2556F07C6CA1}.Debug|Any CPU.Build.0 = Debug|Any CPU
		{67FEF10D-BD07-4F6D-BA67-2556F07C6CA1}.Release|Any CPU.ActiveCfg = Release|Any CPU
		{67FEF10D-BD07-4F6D-BA67-2556F07C6CA1}.Release|Any CPU.Build.0 = Release|Any CPU
		{BE89F2CD-8214-41E6-8BFA-C6C61F785303}.Debug|Any CPU.ActiveCfg = Debug|Any CPU
		{BE89F2CD-8214-41E6-8BFA-C6C61F785303}.Debug|Any CPU.Build.0 = Debug|Any CPU
		{BE89F2CD-8214-41E6-8BFA-C6C61F785303}.Release|Any CPU.ActiveCfg = Release|Any CPU
		{BE89F2CD-8214-41E6-8BFA-C6C61F785303}.Release|Any CPU.Build.0 = Release|Any CPU
		{65797574-9CF6-401A-86F7-5BD6B514E2D5}.Debug|Any CPU.ActiveCfg = Debug|Any CPU
		{65797574-9CF6-401A-86F7-5BD6B514E2D5}.Debug|Any CPU.Build.0 = Debug|Any CPU
		{65797574-9CF6-401A-86F7-5BD6B514E2D5}.Release|Any CPU.ActiveCfg = Release|Any CPU
		{65797574-9CF6-401A-86F7-5BD6B514E2D5}.Release|Any CPU.Build.0 = Release|Any CPU
		{67539A0A-E5A7-400A-9BFE-A81A2EDC2BCB}.Debug|Any CPU.ActiveCfg = Debug|Any CPU
		{67539A0A-E5A7-400A-9BFE-A81A2EDC2BCB}.Debug|Any CPU.Build.0 = Debug|Any CPU
		{67539A0A-E5A7-400A-9BFE-A81A2EDC2BCB}.Release|Any CPU.ActiveCfg = Release|Any CPU
		{67539A0A-E5A7-400A-9BFE-A81A2EDC2BCB}.Release|Any CPU.Build.0 = Release|Any CPU
		{F4C7EB26-DBFA-4867-B0C4-0172463956F3}.Debug|Any CPU.ActiveCfg = Debug|Any CPU
		{F4C7EB26-DBFA-4867-B0C4-0172463956F3}.Debug|Any CPU.Build.0 = Debug|Any CPU
		{F4C7EB26-DBFA-4867-B0C4-0172463956F3}.Release|Any CPU.ActiveCfg = Release|Any CPU
		{F4C7EB26-DBFA-4867-B0C4-0172463956F3}.Release|Any CPU.Build.0 = Release|Any CPU
		{36E6209E-E592-45EB-BA9A-258843C8CBA3}.Debug|Any CPU.ActiveCfg = Debug|Any CPU
		{36E6209E-E592-45EB-BA9A-258843C8CBA3}.Debug|Any CPU.Build.0 = Debug|Any CPU
		{36E6209E-E592-45EB-BA9A-258843C8CBA3}.Release|Any CPU.ActiveCfg = Release|Any CPU
		{36E6209E-E592-45EB-BA9A-258843C8CBA3}.Release|Any CPU.Build.0 = Release|Any CPU
		{F03DE6CD-5535-4F25-8672-F4899245DA6C}.Debug|Any CPU.ActiveCfg = Debug|Any CPU
		{F03DE6CD-5535-4F25-8672-F4899245DA6C}.Debug|Any CPU.Build.0 = Debug|Any CPU
		{F03DE6CD-5535-4F25-8672-F4899245DA6C}.Release|Any CPU.ActiveCfg = Release|Any CPU
		{F03DE6CD-5535-4F25-8672-F4899245DA6C}.Release|Any CPU.Build.0 = Release|Any CPU
	EndGlobalSection
	GlobalSection(SolutionProperties) = preSolution
		HideSolutionNode = FALSE
	EndGlobalSection
	GlobalSection(NestedProjects) = preSolution
		{3A7779A8-D240-4E40-8282-E5F7C31A3FD9} = {F8306E81-60E5-4FEF-9144-2438427937E6}
		{93AE2C08-2F35-4907-99B0-15E67C02C958} = {F8306E81-60E5-4FEF-9144-2438427937E6}
		{52F3B48C-4E22-43C0-B9B8-900A61BB164D} = {285E9B6A-CABA-46F3-9A96-FD19A21C1474}
		{5249B159-7E12-483D-8906-84EEB5BDA085} = {285E9B6A-CABA-46F3-9A96-FD19A21C1474}
		{2B55C5FF-BE39-4A1A-AA85-E13988468F37} = {285E9B6A-CABA-46F3-9A96-FD19A21C1474}
		{122CD66F-63FE-4A01-AC36-C32E8F5B564C} = {285E9B6A-CABA-46F3-9A96-FD19A21C1474}
		{67FEF10D-BD07-4F6D-BA67-2556F07C6CA1} = {285E9B6A-CABA-46F3-9A96-FD19A21C1474}
		{BE89F2CD-8214-41E6-8BFA-C6C61F785303} = {285E9B6A-CABA-46F3-9A96-FD19A21C1474}
		{65797574-9CF6-401A-86F7-5BD6B514E2D5} = {285E9B6A-CABA-46F3-9A96-FD19A21C1474}
		{67539A0A-E5A7-400A-9BFE-A81A2EDC2BCB} = {285E9B6A-CABA-46F3-9A96-FD19A21C1474}
		{F4C7EB26-DBFA-4867-B0C4-0172463956F3} = {F8306E81-60E5-4FEF-9144-2438427937E6}
		{36E6209E-E592-45EB-BA9A-258843C8CBA3} = {F031E65D-BFC6-4D73-9A21-F6C7B633F016}
		{F03DE6CD-5535-4F25-8672-F4899245DA6C} = {891BEF92-46E3-450B-9263-14815E9E2CC3}
	EndGlobalSection
	GlobalSection(ExtensibilityGlobals) = postSolution
		SolutionGuid = {1543EDD3-D751-4B6A-AC92-934B902BD61A}
	EndGlobalSection
EndGlobal
